// !$*UTF8*$!
{
	archiveVersion = 1;
	classes = {
	};
	objectVersion = 46;
	objects = {

/* Begin PBXBuildFile section */
		621A29D8185768A4006D2A47 /* AsyncUdpSocket.m in Sources */ = {isa = PBXBuildFile; fileRef = 621A29D7185768A4006D2A47 /* AsyncUdpSocket.m */; };
		621CF0321851A9DF006F5E2F /* NfsViewController.xib in Resources */ = {isa = PBXBuildFile; fileRef = 621CF0301851A9DF006F5E2F /* NfsViewController.xib */; };
		621CF2761850B78D0062DCE3 /* Foundation.framework in Frameworks */ = {isa = PBXBuildFile; fileRef = 621CF2751850B78D0062DCE3 /* Foundation.framework */; };
		621CF2781850B78D0062DCE3 /* CoreGraphics.framework in Frameworks */ = {isa = PBXBuildFile; fileRef = 621CF2771850B78D0062DCE3 /* CoreGraphics.framework */; };
		621CF27A1850B78D0062DCE3 /* UIKit.framework in Frameworks */ = {isa = PBXBuildFile; fileRef = 621CF2791850B78D0062DCE3 /* UIKit.framework */; };
		621CF2801850B78D0062DCE3 /* InfoPlist.strings in Resources */ = {isa = PBXBuildFile; fileRef = 621CF27E1850B78D0062DCE3 /* InfoPlist.strings */; };
		621CF2821850B78D0062DCE3 /* main.m in Sources */ = {isa = PBXBuildFile; fileRef = 621CF2811850B78D0062DCE3 /* main.m */; };
		621CF2861850B78D0062DCE3 /* AppDelegate.m in Sources */ = {isa = PBXBuildFile; fileRef = 621CF2851850B78D0062DCE3 /* AppDelegate.m */; };
		621CF2881850B78D0062DCE3 /* Images.xcassets in Resources */ = {isa = PBXBuildFile; fileRef = 621CF2871850B78D0062DCE3 /* Images.xcassets */; };
		621CF2A81850B8640062DCE3 /* MainViewController.xib in Resources */ = {isa = PBXBuildFile; fileRef = 621CF2A61850B8640062DCE3 /* MainViewController.xib */; };
		621CF3411850B87A0062DCE3 /* 1 (10).png in Resources */ = {isa = PBXBuildFile; fileRef = 621CF2EA1850B87A0062DCE3 /* 1 (10).png */; };
		621CF3421850B87A0062DCE3 /* 1 (11).png in Resources */ = {isa = PBXBuildFile; fileRef = 621CF2EB1850B87A0062DCE3 /* 1 (11).png */; };
		621CF3431850B87A0062DCE3 /* 1 (12).png in Resources */ = {isa = PBXBuildFile; fileRef = 621CF2EC1850B87A0062DCE3 /* 1 (12).png */; };
		621CF3441850B87A0062DCE3 /* 1 (13).png in Resources */ = {isa = PBXBuildFile; fileRef = 621CF2ED1850B87A0062DCE3 /* 1 (13).png */; };
		621CF3451850B87A0062DCE3 /* 1 (14).png in Resources */ = {isa = PBXBuildFile; fileRef = 621CF2EE1850B87A0062DCE3 /* 1 (14).png */; };
		621CF3461850B87A0062DCE3 /* 1 (15).png in Resources */ = {isa = PBXBuildFile; fileRef = 621CF2EF1850B87A0062DCE3 /* 1 (15).png */; };
		621CF3471850B87A0062DCE3 /* 1 (16).png in Resources */ = {isa = PBXBuildFile; fileRef = 621CF2F01850B87A0062DCE3 /* 1 (16).png */; };
		621CF3481850B87A0062DCE3 /* 1 (17).png in Resources */ = {isa = PBXBuildFile; fileRef = 621CF2F11850B87A0062DCE3 /* 1 (17).png */; };
		621CF3491850B87A0062DCE3 /* 1 (18).png in Resources */ = {isa = PBXBuildFile; fileRef = 621CF2F21850B87A0062DCE3 /* 1 (18).png */; };
		621CF34A1850B87A0062DCE3 /* 1 (2).png in Resources */ = {isa = PBXBuildFile; fileRef = 621CF2F31850B87A0062DCE3 /* 1 (2).png */; };
		621CF34B1850B87A0062DCE3 /* 1 (3).png in Resources */ = {isa = PBXBuildFile; fileRef = 621CF2F41850B87A0062DCE3 /* 1 (3).png */; };
		621CF34C1850B87A0062DCE3 /* 1 (4).png in Resources */ = {isa = PBXBuildFile; fileRef = 621CF2F51850B87A0062DCE3 /* 1 (4).png */; };
		621CF34D1850B87A0062DCE3 /* 1 (5).png in Resources */ = {isa = PBXBuildFile; fileRef = 621CF2F61850B87A0062DCE3 /* 1 (5).png */; };
		621CF34E1850B87A0062DCE3 /* 1 (6).png in Resources */ = {isa = PBXBuildFile; fileRef = 621CF2F71850B87A0062DCE3 /* 1 (6).png */; };
		621CF34F1850B87A0062DCE3 /* 1(0).png in Resources */ = {isa = PBXBuildFile; fileRef = 621CF2F81850B87A0062DCE3 /* 1(0).png */; };
		621CF3501850B87A0062DCE3 /* 1.png in Resources */ = {isa = PBXBuildFile; fileRef = 621CF2F91850B87A0062DCE3 /* 1.png */; };
		621CF3511850B87A0062DCE3 /* background@2x.jpg in Resources */ = {isa = PBXBuildFile; fileRef = 621CF2FA1850B87A0062DCE3 /* background@2x.jpg */; };
		621CF3521850B87A0062DCE3 /* help.png in Resources */ = {isa = PBXBuildFile; fileRef = 621CF2FB1850B87A0062DCE3 /* help.png */; };
		621CF3531850B87A0062DCE3 /* main_ace@2x.png in Resources */ = {isa = PBXBuildFile; fileRef = 621CF2FC1850B87A0062DCE3 /* main_ace@2x.png */; };
		621CF3541850B87A0062DCE3 /* main_ace_HL@2x.png in Resources */ = {isa = PBXBuildFile; fileRef = 621CF2FD1850B87A0062DCE3 /* main_ace_HL@2x.png */; };
		621CF3551850B87A0062DCE3 /* main_example.jpg in Resources */ = {isa = PBXBuildFile; fileRef = 621CF2FE1850B87A0062DCE3 /* main_example.jpg */; };
		621CF3561850B87A0062DCE3 /* main_example1.jpg in Resources */ = {isa = PBXBuildFile; fileRef = 621CF2FF1850B87A0062DCE3 /* main_example1.jpg */; };
		621CF3571850B87A0062DCE3 /* main_example2.jpg in Resources */ = {isa = PBXBuildFile; fileRef = 621CF3001850B87A0062DCE3 /* main_example2.jpg */; };
		621CF3581850B87A0062DCE3 /* main_hawx@2x.png in Resources */ = {isa = PBXBuildFile; fileRef = 621CF3011850B87A0062DCE3 /* main_hawx@2x.png */; };
		621CF3591850B87A0062DCE3 /* main_hawx_HL@2x.png in Resources */ = {isa = PBXBuildFile; fileRef = 621CF3021850B87A0062DCE3 /* main_hawx_HL@2x.png */; };
		621CF35A1850B87A0062DCE3 /* main_nfs@2x.png in Resources */ = {isa = PBXBuildFile; fileRef = 621CF3031850B87A0062DCE3 /* main_nfs@2x.png */; };
		621CF35B1850B87A0062DCE3 /* main_nfs_HL@2x.png in Resources */ = {isa = PBXBuildFile; fileRef = 621CF3041850B87A0062DCE3 /* main_nfs_HL@2x.png */; };
		621CFD8818594A2A008971E0 /* NetWork.m in Sources */ = {isa = PBXBuildFile; fileRef = 621CFD8718594A2A008971E0 /* NetWork.m */; };
		621D6509185C3CA400BE4913 /* AudioToolbox.framework in Frameworks */ = {isa = PBXBuildFile; fileRef = 621D6508185C3CA400BE4913 /* AudioToolbox.framework */; };
		621DE3CC185D5CC2005A2862 /* nfs_accelerate_HL@2x.png in Resources */ = {isa = PBXBuildFile; fileRef = 621DE3BE185D5CC2005A2862 /* nfs_accelerate_HL@2x.png */; };
		621DE3CD185D5CC2005A2862 /* nfs_shiftdown@2x.png in Resources */ = {isa = PBXBuildFile; fileRef = 621DE3BF185D5CC2005A2862 /* nfs_shiftdown@2x.png */; };
		621DE3CE185D5CC2005A2862 /* nfs_shiftup_HL@2x.png in Resources */ = {isa = PBXBuildFile; fileRef = 621DE3C0185D5CC2005A2862 /* nfs_shiftup_HL@2x.png */; };
		621DE3CF185D5CC2005A2862 /* nfs_shiftup@2x.png in Resources */ = {isa = PBXBuildFile; fileRef = 621DE3C1185D5CC2005A2862 /* nfs_shiftup@2x.png */; };
		621DE3D0185D5CC2005A2862 /* nfs_accelerate@2x.png in Resources */ = {isa = PBXBuildFile; fileRef = 621DE3C2185D5CC2005A2862 /* nfs_accelerate@2x.png */; };
		621DE3D1185D5CC2005A2862 /* nfs_n2_HL@2x.png in Resources */ = {isa = PBXBuildFile; fileRef = 621DE3C3185D5CC2005A2862 /* nfs_n2_HL@2x.png */; };
		621DE3D2185D5CC2005A2862 /* nfs_n2@2x.png in Resources */ = {isa = PBXBuildFile; fileRef = 621DE3C4185D5CC2005A2862 /* nfs_n2@2x.png */; };
		621DE3D3185D5CC2005A2862 /* nfs_handbreak_HL@2x.png in Resources */ = {isa = PBXBuildFile; fileRef = 621DE3C5185D5CC2005A2862 /* nfs_handbreak_HL@2x.png */; };
		621DE3D4185D5CC2005A2862 /* nfs_handbreak@2x.png in Resources */ = {isa = PBXBuildFile; fileRef = 621DE3C6185D5CC2005A2862 /* nfs_handbreak@2x.png */; };
		621DE3D5185D5CC2005A2862 /* nfs_break_HL@2x.png in Resources */ = {isa = PBXBuildFile; fileRef = 621DE3C7185D5CC2005A2862 /* nfs_break_HL@2x.png */; };
		621DE3D6185D5CC2005A2862 /* nfs_break@2x.png in Resources */ = {isa = PBXBuildFile; fileRef = 621DE3C8185D5CC2005A2862 /* nfs_break@2x.png */; };
		621DE3D7185D5CC2005A2862 /* nfs_shiftdown_HL@2x.png in Resources */ = {isa = PBXBuildFile; fileRef = 621DE3C9185D5CC2005A2862 /* nfs_shiftdown_HL@2x.png */; };
		621DE3D8185D5CC2005A2862 /* nfs_background@2x.png in Resources */ = {isa = PBXBuildFile; fileRef = 621DE3CA185D5CC2005A2862 /* nfs_background@2x.png */; };
		621DE3D9185D5CC2005A2862 /* 控制器白.png in Resources */ = {isa = PBXBuildFile; fileRef = 621DE3CB185D5CC2005A2862 /* 控制器白.png */; };
		621DE3DB185D66E3005A2862 /* click.wav in Resources */ = {isa = PBXBuildFile; fileRef = 621DE3DA185D66E3005A2862 /* click.wav */; };
		621EAB4418535E76004CB370 /* TouchRecord.m in Sources */ = {isa = PBXBuildFile; fileRef = 621EAB4318535E76004CB370 /* TouchRecord.m */; };
		621F48911866D47D00814C55 /* AVFoundation.framework in Frameworks */ = {isa = PBXBuildFile; fileRef = 621F48901866D47D00814C55 /* AVFoundation.framework */; };
		621F48931866D6C100814C55 /* click.mp3 in Resources */ = {isa = PBXBuildFile; fileRef = 621F48921866D6C100814C55 /* click.mp3 */; };
		622BCDF71867DD53001C4025 /* ace_thrust_HL@2x.png in Resources */ = {isa = PBXBuildFile; fileRef = 622BCDE21867DD53001C4025 /* ace_thrust_HL@2x.png */; };
		622BCDF81867DD53001C4025 /* ace_cannon@2x.png in Resources */ = {isa = PBXBuildFile; fileRef = 622BCDE31867DD53001C4025 /* ace_cannon@2x.png */; };
		622BCDF91867DD53001C4025 /* ace_lockon_HL@2x.png in Resources */ = {isa = PBXBuildFile; fileRef = 622BCDE41867DD53001C4025 /* ace_lockon_HL@2x.png */; };
		622BCDFA1867DD53001C4025 /* ace_lockon@2x.png in Resources */ = {isa = PBXBuildFile; fileRef = 622BCDE51867DD53001C4025 /* ace_lockon@2x.png */; };
		622BCDFB1867DD53001C4025 /* ace_change_HL@2x.png in Resources */ = {isa = PBXBuildFile; fileRef = 622BCDE61867DD53001C4025 /* ace_change_HL@2x.png */; };
		622BCDFC1867DD53001C4025 /* ace_change@2x.png in Resources */ = {isa = PBXBuildFile; fileRef = 622BCDE71867DD53001C4025 /* ace_change@2x.png */; };
		622BCDFD1867DD53001C4025 /* ace_weapon_HL@2x.png in Resources */ = {isa = PBXBuildFile; fileRef = 622BCDE81867DD53001C4025 /* ace_weapon_HL@2x.png */; };
		622BCDFE1867DD53001C4025 /* ace_weapon@2x.png in Resources */ = {isa = PBXBuildFile; fileRef = 622BCDE91867DD53001C4025 /* ace_weapon@2x.png */; };
		622BCDFF1867DD53001C4025 /* ace_target_HL@2x.png in Resources */ = {isa = PBXBuildFile; fileRef = 622BCDEA1867DD53001C4025 /* ace_target_HL@2x.png */; };
		622BCE001867DD53001C4025 /* ace_target@2x.png in Resources */ = {isa = PBXBuildFile; fileRef = 622BCDEB1867DD53001C4025 /* ace_target@2x.png */; };
		622BCE011867DD53001C4025 /* ace_thrust@2x.png in Resources */ = {isa = PBXBuildFile; fileRef = 622BCDEC1867DD53001C4025 /* ace_thrust@2x.png */; };
		622BCE021867DD53001C4025 /* ace_brakes_HL@2x.png in Resources */ = {isa = PBXBuildFile; fileRef = 622BCDED1867DD53001C4025 /* ace_brakes_HL@2x.png */; };
		622BCE031867DD53001C4025 /* ace_brakes@2x.png in Resources */ = {isa = PBXBuildFile; fileRef = 622BCDEE1867DD53001C4025 /* ace_brakes@2x.png */; };
		622BCE041867DD53001C4025 /* ace_yawright_HL@2x.png in Resources */ = {isa = PBXBuildFile; fileRef = 622BCDEF1867DD53001C4025 /* ace_yawright_HL@2x.png */; };
		622BCE051867DD53001C4025 /* ace_yawright@2x.png in Resources */ = {isa = PBXBuildFile; fileRef = 622BCDF01867DD53001C4025 /* ace_yawright@2x.png */; };
		622BCE061867DD53001C4025 /* ace_yawleft_HL@2x.png in Resources */ = {isa = PBXBuildFile; fileRef = 622BCDF11867DD53001C4025 /* ace_yawleft_HL@2x.png */; };
		622BCE071867DD53001C4025 /* ace_yawleft@2x.png in Resources */ = {isa = PBXBuildFile; fileRef = 622BCDF21867DD53001C4025 /* ace_yawleft@2x.png */; };
		622BCE081867DD53001C4025 /* ace_cannon_HL@2x.png in Resources */ = {isa = PBXBuildFile; fileRef = 622BCDF31867DD53001C4025 /* ace_cannon_HL@2x.png */; };
		622BCE091867DD53001C4025 /* ace_title@2x.png in Resources */ = {isa = PBXBuildFile; fileRef = 622BCDF41867DD53001C4025 /* ace_title@2x.png */; };
		622BCE0A1867DD53001C4025 /* ace_background@2x.png in Resources */ = {isa = PBXBuildFile; fileRef = 622BCDF51867DD53001C4025 /* ace_background@2x.png */; };
		622BCE0B1867DD53001C4025 /* ace_example@2x.png in Resources */ = {isa = PBXBuildFile; fileRef = 622BCDF61867DD53001C4025 /* ace_example@2x.png */; };
		622BCE0F1867DE57001C4025 /* AceViewController.m in Sources */ = {isa = PBXBuildFile; fileRef = 622BCE0D1867DE57001C4025 /* AceViewController.m */; };
		622BCE101867DE57001C4025 /* AceViewController.xib in Resources */ = {isa = PBXBuildFile; fileRef = 622BCE0E1867DE57001C4025 /* AceViewController.xib */; };
		62692CF1186865A9003685D5 /* hawx_thrust_HL@2x.png in Resources */ = {isa = PBXBuildFile; fileRef = 62692CDC186865A9003685D5 /* hawx_thrust_HL@2x.png */; };
		62692CF2186865A9003685D5 /* hawx_cannon@2x.png in Resources */ = {isa = PBXBuildFile; fileRef = 62692CDD186865A9003685D5 /* hawx_cannon@2x.png */; };
		62692CF3186865A9003685D5 /* hawx_target_HL@2x.png in Resources */ = {isa = PBXBuildFile; fileRef = 62692CDE186865A9003685D5 /* hawx_target_HL@2x.png */; };
		62692CF4186865A9003685D5 /* hawx_target@2x.png in Resources */ = {isa = PBXBuildFile; fileRef = 62692CDF186865A9003685D5 /* hawx_target@2x.png */; };
		62692CF5186865A9003685D5 /* hawx_flares_HL@2x.png in Resources */ = {isa = PBXBuildFile; fileRef = 62692CE0186865A9003685D5 /* hawx_flares_HL@2x.png */; };
		62692CF6186865A9003685D5 /* hawx_flares@2x.png in Resources */ = {isa = PBXBuildFile; fileRef = 62692CE1186865A9003685D5 /* hawx_flares@2x.png */; };
		62692CF7186865A9003685D5 /* hawx_weapon_HL@2x.png in Resources */ = {isa = PBXBuildFile; fileRef = 62692CE2186865A9003685D5 /* hawx_weapon_HL@2x.png */; };
		62692CF8186865A9003685D5 /* hawx_weapon@2x.png in Resources */ = {isa = PBXBuildFile; fileRef = 62692CE3186865A9003685D5 /* hawx_weapon@2x.png */; };
		62692CF9186865A9003685D5 /* hawx_thrust@2x.png in Resources */ = {isa = PBXBuildFile; fileRef = 62692CE4186865A9003685D5 /* hawx_thrust@2x.png */; };
		62692CFA186865A9003685D5 /* hawx_brakes_HL@2x.png in Resources */ = {isa = PBXBuildFile; fileRef = 62692CE5186865A9003685D5 /* hawx_brakes_HL@2x.png */; };
		62692CFB186865A9003685D5 /* hawx_brakes@2x.png in Resources */ = {isa = PBXBuildFile; fileRef = 62692CE6186865A9003685D5 /* hawx_brakes@2x.png */; };
		62692CFC186865A9003685D5 /* hawx_yawright_HL@2x.png in Resources */ = {isa = PBXBuildFile; fileRef = 62692CE7186865A9003685D5 /* hawx_yawright_HL@2x.png */; };
		62692CFD186865A9003685D5 /* hawx_yawright@2x.png in Resources */ = {isa = PBXBuildFile; fileRef = 62692CE8186865A9003685D5 /* hawx_yawright@2x.png */; };
		62692CFE186865A9003685D5 /* hawx_yawleft_HL@2x.png in Resources */ = {isa = PBXBuildFile; fileRef = 62692CE9186865A9003685D5 /* hawx_yawleft_HL@2x.png */; };
		62692CFF186865A9003685D5 /* hawx_yawleft@2x.png in Resources */ = {isa = PBXBuildFile; fileRef = 62692CEA186865A9003685D5 /* hawx_yawleft@2x.png */; };
		62692D00186865A9003685D5 /* hawx_cannon_HL@2x.png in Resources */ = {isa = PBXBuildFile; fileRef = 62692CEB186865A9003685D5 /* hawx_cannon_HL@2x.png */; };
		62692D01186865A9003685D5 /* hawx_background@2x.png in Resources */ = {isa = PBXBuildFile; fileRef = 62692CEC186865A9003685D5 /* hawx_background@2x.png */; };
		62692D02186865A9003685D5 /* hawx_title@2x.png in Resources */ = {isa = PBXBuildFile; fileRef = 62692CED186865A9003685D5 /* hawx_title@2x.png */; };
		62692D03186865A9003685D5 /* 鹰击长空效果图 拷贝.mkm in Resources */ = {isa = PBXBuildFile; fileRef = 62692CEE186865A9003685D5 /* 鹰击长空效果图 拷贝.mkm */; };
		62692D04186865A9003685D5 /* hawx_example.png in Resources */ = {isa = PBXBuildFile; fileRef = 62692CEF186865A9003685D5 /* hawx_example.png */; };
		62692D05186865A9003685D5 /* hawx_example1.png in Resources */ = {isa = PBXBuildFile; fileRef = 62692CF0186865A9003685D5 /* hawx_example1.png */; };
		62692D0918686A73003685D5 /* HawxViewController.m in Sources */ = {isa = PBXBuildFile; fileRef = 62692D0718686A73003685D5 /* HawxViewController.m */; };
		62692D0A18686A73003685D5 /* HawxViewController.xib in Resources */ = {isa = PBXBuildFile; fileRef = 62692D0818686A73003685D5 /* HawxViewController.xib */; };
		62D1264C18B888A5004EA330 /* 120px.png in Resources */ = {isa = PBXBuildFile; fileRef = 62D1263D18B888A5004EA330 /* 120px.png */; };
		62D1264D18B888A5004EA330 /* 29px.png in Resources */ = {isa = PBXBuildFile; fileRef = 62D1263E18B888A5004EA330 /* 29px.png */; };
		62D1264E18B888A5004EA330 /* 40px.png in Resources */ = {isa = PBXBuildFile; fileRef = 62D1263F18B888A5004EA330 /* 40px.png */; };
		62D1264F18B888A5004EA330 /* 58px.png in Resources */ = {isa = PBXBuildFile; fileRef = 62D1264018B888A5004EA330 /* 58px.png */; };
		62D1265018B888A5004EA330 /* 60px.png in Resources */ = {isa = PBXBuildFile; fileRef = 62D1264118B888A5004EA330 /* 60px.png */; };
		62D1265118B888A5004EA330 /* 80px.png in Resources */ = {isa = PBXBuildFile; fileRef = 62D1264218B888A5004EA330 /* 80px.png */; };
		62D1265218B888A5004EA330 /* 128px.png in Resources */ = {isa = PBXBuildFile; fileRef = 62D1264418B888A5004EA330 /* 128px.png */; };
		62D1265318B888A5004EA330 /* 144px.png in Resources */ = {isa = PBXBuildFile; fileRef = 62D1264518B888A5004EA330 /* 144px.png */; };
		62D1265418B888A5004EA330 /* 48px.png in Resources */ = {isa = PBXBuildFile; fileRef = 62D1264618B888A5004EA330 /* 48px.png */; };
		62D1265518B888A5004EA330 /* 72px.png in Resources */ = {isa = PBXBuildFile; fileRef = 62D1264718B888A5004EA330 /* 72px.png */; };
		62D1265618B888A5004EA330 /* 96px.png in Resources */ = {isa = PBXBuildFile; fileRef = 62D1264818B888A5004EA330 /* 96px.png */; };
		62D1265718B888A5004EA330 /* Icon.png in Resources */ = {isa = PBXBuildFile; fileRef = 62D1264918B888A5004EA330 /* Icon.png */; };
		62D1265818B888A5004EA330 /* Icon@2x.png in Resources */ = {isa = PBXBuildFile; fileRef = 62D1264A18B888A5004EA330 /* Icon@2x.png */; };
		62D1265918B888A5004EA330 /* wp 灰白色边框.png in Resources */ = {isa = PBXBuildFile; fileRef = 62D1264B18B888A5004EA330 /* wp 灰白色边框.png */; };
		62D1265F18B888AC004EA330 /* logo2.png in Resources */ = {isa = PBXBuildFile; fileRef = 62D1265C18B888AC004EA330 /* logo2.png */; };
		62D1266018B888AC004EA330 /* 背景.png in Resources */ = {isa = PBXBuildFile; fileRef = 62D1265D18B888AC004EA330 /* 背景.png */; };
		62D1266218B88A28004EA330 /* Default-568h@2x.png in Resources */ = {isa = PBXBuildFile; fileRef = 62D1266118B88A28004EA330 /* Default-568h@2x.png */; };
		62FF89C0185AF3C2006F2F38 /* NfsViewController.m in Sources */ = {isa = PBXBuildFile; fileRef = 62FF89BF185AF3C2006F2F38 /* NfsViewController.m */; };
		62FF89C2185AF41E006F2F38 /* MainViewController.m in Sources */ = {isa = PBXBuildFile; fileRef = 62FF89C1185AF41E006F2F38 /* MainViewController.m */; };
		62FF89C4185B2079006F2F38 /* CoreMotion.framework in Frameworks */ = {isa = PBXBuildFile; fileRef = 62FF89C3185B2079006F2F38 /* CoreMotion.framework */; };
/* End PBXBuildFile section */

/* Begin PBXFileReference section */
		621A29D6185768A4006D2A47 /* AsyncUdpSocket.h */ = {isa = PBXFileReference; fileEncoding = 4; lastKnownFileType = sourcecode.c.h; path = AsyncUdpSocket.h; sourceTree = "<group>"; };
		621A29D7185768A4006D2A47 /* AsyncUdpSocket.m */ = {isa = PBXFileReference; fileEncoding = 4; lastKnownFileType = sourcecode.c.objc; path = AsyncUdpSocket.m; sourceTree = "<group>"; };
		621B82E81850DBF50022F255 /* MyHeader.h */ = {isa = PBXFileReference; fileEncoding = 4; lastKnownFileType = sourcecode.c.h; path = MyHeader.h; sourceTree = "<group>"; };
		621CF02E1851A9DF006F5E2F /* NfsViewController.h */ = {isa = PBXFileReference; fileEncoding = 4; lastKnownFileType = sourcecode.c.h; path = NfsViewController.h; sourceTree = "<group>"; };
		621CF0301851A9DF006F5E2F /* NfsViewController.xib */ = {isa = PBXFileReference; fileEncoding = 4; lastKnownFileType = file.xib; path = NfsViewController.xib; sourceTree = "<group>"; };
		621CF2721850B78D0062DCE3 /* GamePad4US.app */ = {isa = PBXFileReference; explicitFileType = wrapper.application; includeInIndex = 0; path = GamePad4US.app; sourceTree = BUILT_PRODUCTS_DIR; };
		621CF2751850B78D0062DCE3 /* Foundation.framework */ = {isa = PBXFileReference; lastKnownFileType = wrapper.framework; name = Foundation.framework; path = System/Library/Frameworks/Foundation.framework; sourceTree = SDKROOT; };
		621CF2771850B78D0062DCE3 /* CoreGraphics.framework */ = {isa = PBXFileReference; lastKnownFileType = wrapper.framework; name = CoreGraphics.framework; path = System/Library/Frameworks/CoreGraphics.framework; sourceTree = SDKROOT; };
		621CF2791850B78D0062DCE3 /* UIKit.framework */ = {isa = PBXFileReference; lastKnownFileType = wrapper.framework; name = UIKit.framework; path = System/Library/Frameworks/UIKit.framework; sourceTree = SDKROOT; };
		621CF27D1850B78D0062DCE3 /* GamePad4US-Info.plist */ = {isa = PBXFileReference; lastKnownFileType = text.plist.xml; path = "GamePad4US-Info.plist"; sourceTree = "<group>"; };
		621CF27F1850B78D0062DCE3 /* en */ = {isa = PBXFileReference; lastKnownFileType = text.plist.strings; name = en; path = en.lproj/InfoPlist.strings; sourceTree = "<group>"; };
		621CF2811850B78D0062DCE3 /* main.m */ = {isa = PBXFileReference; lastKnownFileType = sourcecode.c.objc; path = main.m; sourceTree = "<group>"; };
		621CF2831850B78D0062DCE3 /* GamePad4US-Prefix.pch */ = {isa = PBXFileReference; lastKnownFileType = sourcecode.c.h; path = "GamePad4US-Prefix.pch"; sourceTree = "<group>"; };
		621CF2841850B78D0062DCE3 /* AppDelegate.h */ = {isa = PBXFileReference; lastKnownFileType = sourcecode.c.h; path = AppDelegate.h; sourceTree = "<group>"; };
		621CF2851850B78D0062DCE3 /* AppDelegate.m */ = {isa = PBXFileReference; lastKnownFileType = sourcecode.c.objc; path = AppDelegate.m; sourceTree = "<group>"; };
		621CF2871850B78D0062DCE3 /* Images.xcassets */ = {isa = PBXFileReference; lastKnownFileType = folder.assetcatalog; path = Images.xcassets; sourceTree = "<group>"; };
		621CF28E1850B78D0062DCE3 /* XCTest.framework */ = {isa = PBXFileReference; lastKnownFileType = wrapper.framework; name = XCTest.framework; path = Library/Frameworks/XCTest.framework; sourceTree = DEVELOPER_DIR; };
		621CF2961850B78D0062DCE3 /* GamePad4USTests-Info.plist */ = {isa = PBXFileReference; lastKnownFileType = text.plist.xml; path = "GamePad4USTests-Info.plist"; sourceTree = "<group>"; };
		621CF2981850B78D0062DCE3 /* en */ = {isa = PBXFileReference; lastKnownFileType = text.plist.strings; name = en; path = en.lproj/InfoPlist.strings; sourceTree = "<group>"; };
		621CF29A1850B78D0062DCE3 /* GamePad4USTests.m */ = {isa = PBXFileReference; lastKnownFileType = sourcecode.c.objc; path = GamePad4USTests.m; sourceTree = "<group>"; };
		621CF2A41850B8640062DCE3 /* MainViewController.h */ = {isa = PBXFileReference; fileEncoding = 4; lastKnownFileType = sourcecode.c.h; path = MainViewController.h; sourceTree = "<group>"; };
		621CF2A61850B8640062DCE3 /* MainViewController.xib */ = {isa = PBXFileReference; fileEncoding = 4; lastKnownFileType = file.xib; path = MainViewController.xib; sourceTree = "<group>"; };
		621CF2EA1850B87A0062DCE3 /* 1 (10).png */ = {isa = PBXFileReference; lastKnownFileType = image.png; path = "1 (10).png"; sourceTree = "<group>"; };
		621CF2EB1850B87A0062DCE3 /* 1 (11).png */ = {isa = PBXFileReference; lastKnownFileType = image.png; path = "1 (11).png"; sourceTree = "<group>"; };
		621CF2EC1850B87A0062DCE3 /* 1 (12).png */ = {isa = PBXFileReference; lastKnownFileType = image.png; path = "1 (12).png"; sourceTree = "<group>"; };
		621CF2ED1850B87A0062DCE3 /* 1 (13).png */ = {isa = PBXFileReference; lastKnownFileType = image.png; path = "1 (13).png"; sourceTree = "<group>"; };
		621CF2EE1850B87A0062DCE3 /* 1 (14).png */ = {isa = PBXFileReference; lastKnownFileType = image.png; path = "1 (14).png"; sourceTree = "<group>"; };
		621CF2EF1850B87A0062DCE3 /* 1 (15).png */ = {isa = PBXFileReference; lastKnownFileType = image.png; path = "1 (15).png"; sourceTree = "<group>"; };
		621CF2F01850B87A0062DCE3 /* 1 (16).png */ = {isa = PBXFileReference; lastKnownFileType = image.png; path = "1 (16).png"; sourceTree = "<group>"; };
		621CF2F11850B87A0062DCE3 /* 1 (17).png */ = {isa = PBXFileReference; lastKnownFileType = image.png; path = "1 (17).png"; sourceTree = "<group>"; };
		621CF2F21850B87A0062DCE3 /* 1 (18).png */ = {isa = PBXFileReference; lastKnownFileType = image.png; path = "1 (18).png"; sourceTree = "<group>"; };
		621CF2F31850B87A0062DCE3 /* 1 (2).png */ = {isa = PBXFileReference; lastKnownFileType = image.png; path = "1 (2).png"; sourceTree = "<group>"; };
		621CF2F41850B87A0062DCE3 /* 1 (3).png */ = {isa = PBXFileReference; lastKnownFileType = image.png; path = "1 (3).png"; sourceTree = "<group>"; };
		621CF2F51850B87A0062DCE3 /* 1 (4).png */ = {isa = PBXFileReference; lastKnownFileType = image.png; path = "1 (4).png"; sourceTree = "<group>"; };
		621CF2F61850B87A0062DCE3 /* 1 (5).png */ = {isa = PBXFileReference; lastKnownFileType = image.png; path = "1 (5).png"; sourceTree = "<group>"; };
		621CF2F71850B87A0062DCE3 /* 1 (6).png */ = {isa = PBXFileReference; lastKnownFileType = image.png; path = "1 (6).png"; sourceTree = "<group>"; };
		621CF2F81850B87A0062DCE3 /* 1(0).png */ = {isa = PBXFileReference; lastKnownFileType = image.png; path = "1(0).png"; sourceTree = "<group>"; };
		621CF2F91850B87A0062DCE3 /* 1.png */ = {isa = PBXFileReference; lastKnownFileType = image.png; path = 1.png; sourceTree = "<group>"; };
		621CF2FA1850B87A0062DCE3 /* background@2x.jpg */ = {isa = PBXFileReference; lastKnownFileType = image.jpeg; path = "background@2x.jpg"; sourceTree = "<group>"; };
		621CF2FB1850B87A0062DCE3 /* help.png */ = {isa = PBXFileReference; lastKnownFileType = image.png; path = help.png; sourceTree = "<group>"; };
		621CF2FC1850B87A0062DCE3 /* main_ace@2x.png */ = {isa = PBXFileReference; lastKnownFileType = image.png; path = "main_ace@2x.png"; sourceTree = "<group>"; };
		621CF2FD1850B87A0062DCE3 /* main_ace_HL@2x.png */ = {isa = PBXFileReference; lastKnownFileType = image.png; path = "main_ace_HL@2x.png"; sourceTree = "<group>"; };
		621CF2FE1850B87A0062DCE3 /* main_example.jpg */ = {isa = PBXFileReference; lastKnownFileType = image.jpeg; path = main_example.jpg; sourceTree = "<group>"; };
		621CF2FF1850B87A0062DCE3 /* main_example1.jpg */ = {isa = PBXFileReference; lastKnownFileType = image.jpeg; path = main_example1.jpg; sourceTree = "<group>"; };
		621CF3001850B87A0062DCE3 /* main_example2.jpg */ = {isa = PBXFileReference; lastKnownFileType = image.jpeg; path = main_example2.jpg; sourceTree = "<group>"; };
		621CF3011850B87A0062DCE3 /* main_hawx@2x.png */ = {isa = PBXFileReference; lastKnownFileType = image.png; path = "main_hawx@2x.png"; sourceTree = "<group>"; };
		621CF3021850B87A0062DCE3 /* main_hawx_HL@2x.png */ = {isa = PBXFileReference; lastKnownFileType = image.png; path = "main_hawx_HL@2x.png"; sourceTree = "<group>"; };
		621CF3031850B87A0062DCE3 /* main_nfs@2x.png */ = {isa = PBXFileReference; lastKnownFileType = image.png; path = "main_nfs@2x.png"; sourceTree = "<group>"; };
		621CF3041850B87A0062DCE3 /* main_nfs_HL@2x.png */ = {isa = PBXFileReference; lastKnownFileType = image.png; path = "main_nfs_HL@2x.png"; sourceTree = "<group>"; };
		621CFD8618594A2A008971E0 /* NetWork.h */ = {isa = PBXFileReference; fileEncoding = 4; lastKnownFileType = sourcecode.c.h; path = NetWork.h; sourceTree = "<group>"; };
		621CFD8718594A2A008971E0 /* NetWork.m */ = {isa = PBXFileReference; fileEncoding = 4; lastKnownFileType = sourcecode.c.objc; path = NetWork.m; sourceTree = "<group>"; };
		621D6508185C3CA400BE4913 /* AudioToolbox.framework */ = {isa = PBXFileReference; lastKnownFileType = wrapper.framework; name = AudioToolbox.framework; path = System/Library/Frameworks/AudioToolbox.framework; sourceTree = SDKROOT; };
		621DE3BE185D5CC2005A2862 /* nfs_accelerate_HL@2x.png */ = {isa = PBXFileReference; lastKnownFileType = image.png; path = "nfs_accelerate_HL@2x.png"; sourceTree = "<group>"; };
		621DE3BF185D5CC2005A2862 /* nfs_shiftdown@2x.png */ = {isa = PBXFileReference; lastKnownFileType = image.png; path = "nfs_shiftdown@2x.png"; sourceTree = "<group>"; };
		621DE3C0185D5CC2005A2862 /* nfs_shiftup_HL@2x.png */ = {isa = PBXFileReference; lastKnownFileType = image.png; path = "nfs_shiftup_HL@2x.png"; sourceTree = "<group>"; };
		621DE3C1185D5CC2005A2862 /* nfs_shiftup@2x.png */ = {isa = PBXFileReference; lastKnownFileType = image.png; path = "nfs_shiftup@2x.png"; sourceTree = "<group>"; };
		621DE3C2185D5CC2005A2862 /* nfs_accelerate@2x.png */ = {isa = PBXFileReference; lastKnownFileType = image.png; path = "nfs_accelerate@2x.png"; sourceTree = "<group>"; };
		621DE3C3185D5CC2005A2862 /* nfs_n2_HL@2x.png */ = {isa = PBXFileReference; lastKnownFileType = image.png; path = "nfs_n2_HL@2x.png"; sourceTree = "<group>"; };
		621DE3C4185D5CC2005A2862 /* nfs_n2@2x.png */ = {isa = PBXFileReference; lastKnownFileType = image.png; path = "nfs_n2@2x.png"; sourceTree = "<group>"; };
		621DE3C5185D5CC2005A2862 /* nfs_handbreak_HL@2x.png */ = {isa = PBXFileReference; lastKnownFileType = image.png; path = "nfs_handbreak_HL@2x.png"; sourceTree = "<group>"; };
		621DE3C6185D5CC2005A2862 /* nfs_handbreak@2x.png */ = {isa = PBXFileReference; lastKnownFileType = image.png; path = "nfs_handbreak@2x.png"; sourceTree = "<group>"; };
		621DE3C7185D5CC2005A2862 /* nfs_break_HL@2x.png */ = {isa = PBXFileReference; lastKnownFileType = image.png; path = "nfs_break_HL@2x.png"; sourceTree = "<group>"; };
		621DE3C8185D5CC2005A2862 /* nfs_break@2x.png */ = {isa = PBXFileReference; lastKnownFileType = image.png; path = "nfs_break@2x.png"; sourceTree = "<group>"; };
		621DE3C9185D5CC2005A2862 /* nfs_shiftdown_HL@2x.png */ = {isa = PBXFileReference; lastKnownFileType = image.png; path = "nfs_shiftdown_HL@2x.png"; sourceTree = "<group>"; };
		621DE3CA185D5CC2005A2862 /* nfs_background@2x.png */ = {isa = PBXFileReference; lastKnownFileType = image.png; path = "nfs_background@2x.png"; sourceTree = "<group>"; };
		621DE3CB185D5CC2005A2862 /* 控制器白.png */ = {isa = PBXFileReference; lastKnownFileType = image.png; path = "控制器白.png"; sourceTree = "<group>"; };
		621DE3DA185D66E3005A2862 /* click.wav */ = {isa = PBXFileReference; lastKnownFileType = audio.wav; path = click.wav; sourceTree = "<group>"; };
		621EAB4218535E76004CB370 /* TouchRecord.h */ = {isa = PBXFileReference; fileEncoding = 4; lastKnownFileType = sourcecode.c.h; path = TouchRecord.h; sourceTree = "<group>"; };
		621EAB4318535E76004CB370 /* TouchRecord.m */ = {isa = PBXFileReference; fileEncoding = 4; lastKnownFileType = sourcecode.c.objc; path = TouchRecord.m; sourceTree = "<group>"; };
		621F48901866D47D00814C55 /* AVFoundation.framework */ = {isa = PBXFileReference; lastKnownFileType = wrapper.framework; name = AVFoundation.framework; path = System/Library/Frameworks/AVFoundation.framework; sourceTree = SDKROOT; };
		621F48921866D6C100814C55 /* click.mp3 */ = {isa = PBXFileReference; lastKnownFileType = audio.mp3; path = click.mp3; sourceTree = "<group>"; };
		622BCDE21867DD53001C4025 /* ace_thrust_HL@2x.png */ = {isa = PBXFileReference; lastKnownFileType = image.png; path = "ace_thrust_HL@2x.png"; sourceTree = "<group>"; };
		622BCDE31867DD53001C4025 /* ace_cannon@2x.png */ = {isa = PBXFileReference; lastKnownFileType = image.png; path = "ace_cannon@2x.png"; sourceTree = "<group>"; };
		622BCDE41867DD53001C4025 /* ace_lockon_HL@2x.png */ = {isa = PBXFileReference; lastKnownFileType = image.png; path = "ace_lockon_HL@2x.png"; sourceTree = "<group>"; };
		622BCDE51867DD53001C4025 /* ace_lockon@2x.png */ = {isa = PBXFileReference; lastKnownFileType = image.png; path = "ace_lockon@2x.png"; sourceTree = "<group>"; };
		622BCDE61867DD53001C4025 /* ace_change_HL@2x.png */ = {isa = PBXFileReference; lastKnownFileType = image.png; path = "ace_change_HL@2x.png"; sourceTree = "<group>"; };
		622BCDE71867DD53001C4025 /* ace_change@2x.png */ = {isa = PBXFileReference; lastKnownFileType = image.png; path = "ace_change@2x.png"; sourceTree = "<group>"; };
		622BCDE81867DD53001C4025 /* ace_weapon_HL@2x.png */ = {isa = PBXFileReference; lastKnownFileType = image.png; path = "ace_weapon_HL@2x.png"; sourceTree = "<group>"; };
		622BCDE91867DD53001C4025 /* ace_weapon@2x.png */ = {isa = PBXFileReference; lastKnownFileType = image.png; path = "ace_weapon@2x.png"; sourceTree = "<group>"; };
		622BCDEA1867DD53001C4025 /* ace_target_HL@2x.png */ = {isa = PBXFileReference; lastKnownFileType = image.png; path = "ace_target_HL@2x.png"; sourceTree = "<group>"; };
		622BCDEB1867DD53001C4025 /* ace_target@2x.png */ = {isa = PBXFileReference; lastKnownFileType = image.png; path = "ace_target@2x.png"; sourceTree = "<group>"; };
		622BCDEC1867DD53001C4025 /* ace_thrust@2x.png */ = {isa = PBXFileReference; lastKnownFileType = image.png; path = "ace_thrust@2x.png"; sourceTree = "<group>"; };
		622BCDED1867DD53001C4025 /* ace_brakes_HL@2x.png */ = {isa = PBXFileReference; lastKnownFileType = image.png; path = "ace_brakes_HL@2x.png"; sourceTree = "<group>"; };
		622BCDEE1867DD53001C4025 /* ace_brakes@2x.png */ = {isa = PBXFileReference; lastKnownFileType = image.png; path = "ace_brakes@2x.png"; sourceTree = "<group>"; };
		622BCDEF1867DD53001C4025 /* ace_yawright_HL@2x.png */ = {isa = PBXFileReference; lastKnownFileType = image.png; path = "ace_yawright_HL@2x.png"; sourceTree = "<group>"; };
		622BCDF01867DD53001C4025 /* ace_yawright@2x.png */ = {isa = PBXFileReference; lastKnownFileType = image.png; path = "ace_yawright@2x.png"; sourceTree = "<group>"; };
		622BCDF11867DD53001C4025 /* ace_yawleft_HL@2x.png */ = {isa = PBXFileReference; lastKnownFileType = image.png; path = "ace_yawleft_HL@2x.png"; sourceTree = "<group>"; };
		622BCDF21867DD53001C4025 /* ace_yawleft@2x.png */ = {isa = PBXFileReference; lastKnownFileType = image.png; path = "ace_yawleft@2x.png"; sourceTree = "<group>"; };
		622BCDF31867DD53001C4025 /* ace_cannon_HL@2x.png */ = {isa = PBXFileReference; lastKnownFileType = image.png; path = "ace_cannon_HL@2x.png"; sourceTree = "<group>"; };
		622BCDF41867DD53001C4025 /* ace_title@2x.png */ = {isa = PBXFileReference; lastKnownFileType = image.png; path = "ace_title@2x.png"; sourceTree = "<group>"; };
		622BCDF51867DD53001C4025 /* ace_background@2x.png */ = {isa = PBXFileReference; lastKnownFileType = image.png; path = "ace_background@2x.png"; sourceTree = "<group>"; };
		622BCDF61867DD53001C4025 /* ace_example@2x.png */ = {isa = PBXFileReference; lastKnownFileType = image.png; path = "ace_example@2x.png"; sourceTree = "<group>"; };
		622BCE0C1867DE57001C4025 /* AceViewController.h */ = {isa = PBXFileReference; fileEncoding = 4; lastKnownFileType = sourcecode.c.h; name = AceViewController.h; path = "../resources/皇牌空战ios/AceViewController.h"; sourceTree = "<group>"; };
		622BCE0D1867DE57001C4025 /* AceViewController.m */ = {isa = PBXFileReference; fileEncoding = 4; lastKnownFileType = sourcecode.c.objc; name = AceViewController.m; path = "../resources/皇牌空战ios/AceViewController.m"; sourceTree = "<group>"; };
		622BCE0E1867DE57001C4025 /* AceViewController.xib */ = {isa = PBXFileReference; fileEncoding = 4; lastKnownFileType = file.xib; name = AceViewController.xib; path = "../resources/皇牌空战ios/AceViewController.xib"; sourceTree = "<group>"; };
		62692CDC186865A9003685D5 /* hawx_thrust_HL@2x.png */ = {isa = PBXFileReference; lastKnownFileType = image.png; path = "hawx_thrust_HL@2x.png"; sourceTree = "<group>"; };
		62692CDD186865A9003685D5 /* hawx_cannon@2x.png */ = {isa = PBXFileReference; lastKnownFileType = image.png; path = "hawx_cannon@2x.png"; sourceTree = "<group>"; };
		62692CDE186865A9003685D5 /* hawx_target_HL@2x.png */ = {isa = PBXFileReference; lastKnownFileType = image.png; path = "hawx_target_HL@2x.png"; sourceTree = "<group>"; };
		62692CDF186865A9003685D5 /* hawx_target@2x.png */ = {isa = PBXFileReference; lastKnownFileType = image.png; path = "hawx_target@2x.png"; sourceTree = "<group>"; };
		62692CE0186865A9003685D5 /* hawx_flares_HL@2x.png */ = {isa = PBXFileReference; lastKnownFileType = image.png; path = "hawx_flares_HL@2x.png"; sourceTree = "<group>"; };
		62692CE1186865A9003685D5 /* hawx_flares@2x.png */ = {isa = PBXFileReference; lastKnownFileType = image.png; path = "hawx_flares@2x.png"; sourceTree = "<group>"; };
		62692CE2186865A9003685D5 /* hawx_weapon_HL@2x.png */ = {isa = PBXFileReference; lastKnownFileType = image.png; path = "hawx_weapon_HL@2x.png"; sourceTree = "<group>"; };
		62692CE3186865A9003685D5 /* hawx_weapon@2x.png */ = {isa = PBXFileReference; lastKnownFileType = image.png; path = "hawx_weapon@2x.png"; sourceTree = "<group>"; };
		62692CE4186865A9003685D5 /* hawx_thrust@2x.png */ = {isa = PBXFileReference; lastKnownFileType = image.png; path = "hawx_thrust@2x.png"; sourceTree = "<group>"; };
		62692CE5186865A9003685D5 /* hawx_brakes_HL@2x.png */ = {isa = PBXFileReference; lastKnownFileType = image.png; path = "hawx_brakes_HL@2x.png"; sourceTree = "<group>"; };
		62692CE6186865A9003685D5 /* hawx_brakes@2x.png */ = {isa = PBXFileReference; lastKnownFileType = image.png; path = "hawx_brakes@2x.png"; sourceTree = "<group>"; };
		62692CE7186865A9003685D5 /* hawx_yawright_HL@2x.png */ = {isa = PBXFileReference; lastKnownFileType = image.png; path = "hawx_yawright_HL@2x.png"; sourceTree = "<group>"; };
		62692CE8186865A9003685D5 /* hawx_yawright@2x.png */ = {isa = PBXFileReference; lastKnownFileType = image.png; path = "hawx_yawright@2x.png"; sourceTree = "<group>"; };
		62692CE9186865A9003685D5 /* hawx_yawleft_HL@2x.png */ = {isa = PBXFileReference; lastKnownFileType = image.png; path = "hawx_yawleft_HL@2x.png"; sourceTree = "<group>"; };
		62692CEA186865A9003685D5 /* hawx_yawleft@2x.png */ = {isa = PBXFileReference; lastKnownFileType = image.png; path = "hawx_yawleft@2x.png"; sourceTree = "<group>"; };
		62692CEB186865A9003685D5 /* hawx_cannon_HL@2x.png */ = {isa = PBXFileReference; lastKnownFileType = image.png; path = "hawx_cannon_HL@2x.png"; sourceTree = "<group>"; };
		62692CEC186865A9003685D5 /* hawx_background@2x.png */ = {isa = PBXFileReference; lastKnownFileType = image.png; path = "hawx_background@2x.png"; sourceTree = "<group>"; };
		62692CED186865A9003685D5 /* hawx_title@2x.png */ = {isa = PBXFileReference; lastKnownFileType = image.png; path = "hawx_title@2x.png"; sourceTree = "<group>"; };
		62692CEE186865A9003685D5 /* 鹰击长空效果图 拷贝.mkm */ = {isa = PBXFileReference; fileEncoding = 4; lastKnownFileType = text; path = "鹰击长空效果图 拷贝.mkm"; sourceTree = "<group>"; };
		62692CEF186865A9003685D5 /* hawx_example.png */ = {isa = PBXFileReference; lastKnownFileType = image.png; path = hawx_example.png; sourceTree = "<group>"; };
		62692CF0186865A9003685D5 /* hawx_example1.png */ = {isa = PBXFileReference; lastKnownFileType = image.png; path = hawx_example1.png; sourceTree = "<group>"; };
		62692D0618686A73003685D5 /* HawxViewController.h */ = {isa = PBXFileReference; fileEncoding = 4; lastKnownFileType = sourcecode.c.h; path = HawxViewController.h; sourceTree = "<group>"; };
		62692D0718686A73003685D5 /* HawxViewController.m */ = {isa = PBXFileReference; fileEncoding = 4; lastKnownFileType = sourcecode.c.objc; path = HawxViewController.m; sourceTree = "<group>"; };
		62692D0818686A73003685D5 /* HawxViewController.xib */ = {isa = PBXFileReference; fileEncoding = 4; lastKnownFileType = file.xib; path = HawxViewController.xib; sourceTree = "<group>"; };
		62D1263D18B888A5004EA330 /* 120px.png */ = {isa = PBXFileReference; lastKnownFileType = image.png; path = 120px.png; sourceTree = "<group>"; };
		62D1263E18B888A5004EA330 /* 29px.png */ = {isa = PBXFileReference; lastKnownFileType = image.png; path = 29px.png; sourceTree = "<group>"; };
		62D1263F18B888A5004EA330 /* 40px.png */ = {isa = PBXFileReference; lastKnownFileType = image.png; path = 40px.png; sourceTree = "<group>"; };
		62D1264018B888A5004EA330 /* 58px.png */ = {isa = PBXFileReference; lastKnownFileType = image.png; path = 58px.png; sourceTree = "<group>"; };
		62D1264118B888A5004EA330 /* 60px.png */ = {isa = PBXFileReference; lastKnownFileType = image.png; path = 60px.png; sourceTree = "<group>"; };
		62D1264218B888A5004EA330 /* 80px.png */ = {isa = PBXFileReference; lastKnownFileType = image.png; path = 80px.png; sourceTree = "<group>"; };
		62D1264418B888A5004EA330 /* 128px.png */ = {isa = PBXFileReference; lastKnownFileType = image.png; path = 128px.png; sourceTree = "<group>"; };
		62D1264518B888A5004EA330 /* 144px.png */ = {isa = PBXFileReference; lastKnownFileType = image.png; path = 144px.png; sourceTree = "<group>"; };
		62D1264618B888A5004EA330 /* 48px.png */ = {isa = PBXFileReference; lastKnownFileType = image.png; path = 48px.png; sourceTree = "<group>"; };
		62D1264718B888A5004EA330 /* 72px.png */ = {isa = PBXFileReference; lastKnownFileType = image.png; path = 72px.png; sourceTree = "<group>"; };
		62D1264818B888A5004EA330 /* 96px.png */ = {isa = PBXFileReference; lastKnownFileType = image.png; path = 96px.png; sourceTree = "<group>"; };
		62D1264918B888A5004EA330 /* Icon.png */ = {isa = PBXFileReference; lastKnownFileType = image.png; path = Icon.png; sourceTree = "<group>"; };
		62D1264A18B888A5004EA330 /* Icon@2x.png */ = {isa = PBXFileReference; lastKnownFileType = image.png; path = "Icon@2x.png"; sourceTree = "<group>"; };
		62D1264B18B888A5004EA330 /* wp 灰白色边框.png */ = {isa = PBXFileReference; lastKnownFileType = image.png; path = "wp 灰白色边框.png"; sourceTree = "<group>"; };
		62D1265C18B888AC004EA330 /* logo2.png */ = {isa = PBXFileReference; lastKnownFileType = image.png; path = logo2.png; sourceTree = "<group>"; };
		62D1265D18B888AC004EA330 /* 背景.png */ = {isa = PBXFileReference; lastKnownFileType = image.png; path = "背景.png"; sourceTree = "<group>"; };
		62D1266118B88A28004EA330 /* Default-568h@2x.png */ = {isa = PBXFileReference; lastKnownFileType = image.png; path = "Default-568h@2x.png"; sourceTree = "<group>"; };
		62FF89BF185AF3C2006F2F38 /* NfsViewController.m */ = {isa = PBXFileReference; fileEncoding = 4; lastKnownFileType = sourcecode.c.objc; path = NfsViewController.m; sourceTree = "<group>"; };
		62FF89C1185AF41E006F2F38 /* MainViewController.m */ = {isa = PBXFileReference; fileEncoding = 4; lastKnownFileType = sourcecode.c.objc; path = MainViewController.m; sourceTree = "<group>"; };
		62FF89C3185B2079006F2F38 /* CoreMotion.framework */ = {isa = PBXFileReference; lastKnownFileType = wrapper.framework; name = CoreMotion.framework; path = System/Library/Frameworks/CoreMotion.framework; sourceTree = SDKROOT; };
/* End PBXFileReference section */

/* Begin PBXFrameworksBuildPhase section */
		621CF26F1850B78D0062DCE3 /* Frameworks */ = {
			isa = PBXFrameworksBuildPhase;
			buildActionMask = 2147483647;
			files = (
				621F48911866D47D00814C55 /* AVFoundation.framework in Frameworks */,
				621D6509185C3CA400BE4913 /* AudioToolbox.framework in Frameworks */,
				62FF89C4185B2079006F2F38 /* CoreMotion.framework in Frameworks */,
				621CF2781850B78D0062DCE3 /* CoreGraphics.framework in Frameworks */,
				621CF27A1850B78D0062DCE3 /* UIKit.framework in Frameworks */,
				621CF2761850B78D0062DCE3 /* Foundation.framework in Frameworks */,
			);
			runOnlyForDeploymentPostprocessing = 0;
		};
/* End PBXFrameworksBuildPhase section */

/* Begin PBXGroup section */
		621A29D518576884006D2A47 /* AsyncUdpSocket */ = {
			isa = PBXGroup;
			children = (
				621A29D6185768A4006D2A47 /* AsyncUdpSocket.h */,
				621A29D7185768A4006D2A47 /* AsyncUdpSocket.m */,
			);
			name = AsyncUdpSocket;
			path = ..;
			sourceTree = "<group>";
		};
		621CF2691850B78D0062DCE3 = {
			isa = PBXGroup;
			children = (
				621CF2A91850B87A0062DCE3 /* resources */,
				621CF27B1850B78D0062DCE3 /* GamePad4US */,
				621CF2941850B78D0062DCE3 /* GamePad4USTests */,
				621CF2741850B78D0062DCE3 /* Frameworks */,
				621CF2731850B78D0062DCE3 /* Products */,
			);
			sourceTree = "<group>";
		};
		621CF2731850B78D0062DCE3 /* Products */ = {
			isa = PBXGroup;
			children = (
				621CF2721850B78D0062DCE3 /* GamePad4US.app */,
			);
			name = Products;
			sourceTree = "<group>";
		};
		621CF2741850B78D0062DCE3 /* Frameworks */ = {
			isa = PBXGroup;
			children = (
				621F48901866D47D00814C55 /* AVFoundation.framework */,
				621D6508185C3CA400BE4913 /* AudioToolbox.framework */,
				62FF89C3185B2079006F2F38 /* CoreMotion.framework */,
				621CF2751850B78D0062DCE3 /* Foundation.framework */,
				621CF2771850B78D0062DCE3 /* CoreGraphics.framework */,
				621CF2791850B78D0062DCE3 /* UIKit.framework */,
				621CF28E1850B78D0062DCE3 /* XCTest.framework */,
			);
			name = Frameworks;
			sourceTree = "<group>";
		};
		621CF27B1850B78D0062DCE3 /* GamePad4US */ = {
			isa = PBXGroup;
			children = (
				621A29D518576884006D2A47 /* AsyncUdpSocket */,
				621CF35D1850B8970062DCE3 /* nibFiles */,
				621CF35C1850B88F0062DCE3 /* headers */,
				621B82E81850DBF50022F255 /* MyHeader.h */,
				621CF2851850B78D0062DCE3 /* AppDelegate.m */,
				622BCE0D1867DE57001C4025 /* AceViewController.m */,
				62692D0718686A73003685D5 /* HawxViewController.m */,
				62FF89BF185AF3C2006F2F38 /* NfsViewController.m */,
				62FF89C1185AF41E006F2F38 /* MainViewController.m */,
				621EAB4318535E76004CB370 /* TouchRecord.m */,
				621CFD8718594A2A008971E0 /* NetWork.m */,
				621CF2871850B78D0062DCE3 /* Images.xcassets */,
				621CF27C1850B78D0062DCE3 /* Supporting Files */,
			);
			path = GamePad4US;
			sourceTree = "<group>";
		};
		621CF27C1850B78D0062DCE3 /* Supporting Files */ = {
			isa = PBXGroup;
			children = (
				621CF27D1850B78D0062DCE3 /* GamePad4US-Info.plist */,
				621CF27E1850B78D0062DCE3 /* InfoPlist.strings */,
				621CF2811850B78D0062DCE3 /* main.m */,
				621CF2831850B78D0062DCE3 /* GamePad4US-Prefix.pch */,
			);
			name = "Supporting Files";
			sourceTree = "<group>";
		};
		621CF2941850B78D0062DCE3 /* GamePad4USTests */ = {
			isa = PBXGroup;
			children = (
				621CF29A1850B78D0062DCE3 /* GamePad4USTests.m */,
				621CF2951850B78D0062DCE3 /* Supporting Files */,
			);
			path = GamePad4USTests;
			sourceTree = "<group>";
		};
		621CF2951850B78D0062DCE3 /* Supporting Files */ = {
			isa = PBXGroup;
			children = (
				621CF2961850B78D0062DCE3 /* GamePad4USTests-Info.plist */,
				621CF2971850B78D0062DCE3 /* InfoPlist.strings */,
			);
			name = "Supporting Files";
			sourceTree = "<group>";
		};
		621CF2A91850B87A0062DCE3 /* resources */ = {
			isa = PBXGroup;
			children = (
				62D1265A18B888AC004EA330 /* 启动页面 */,
				62D1263C18B888A5004EA330 /* icon */,
				62692CDB186865A9003685D5 /* 鹰击长空ios */,
				622BCDE11867DD53001C4025 /* 皇牌空战ios */,
				621DE3BD185D5CC2005A2862 /* 极品飞车ios */,
				621CF2E91850B87A0062DCE3 /* main */,
			);
			path = resources;
			sourceTree = "<group>";
		};
		621CF2E91850B87A0062DCE3 /* main */ = {
			isa = PBXGroup;
			children = (
				621CF2EA1850B87A0062DCE3 /* 1 (10).png */,
				621CF2EB1850B87A0062DCE3 /* 1 (11).png */,
				621CF2EC1850B87A0062DCE3 /* 1 (12).png */,
				621CF2ED1850B87A0062DCE3 /* 1 (13).png */,
				621CF2EE1850B87A0062DCE3 /* 1 (14).png */,
				621CF2EF1850B87A0062DCE3 /* 1 (15).png */,
				621CF2F01850B87A0062DCE3 /* 1 (16).png */,
				621CF2F11850B87A0062DCE3 /* 1 (17).png */,
				621CF2F21850B87A0062DCE3 /* 1 (18).png */,
				621CF2F31850B87A0062DCE3 /* 1 (2).png */,
				621CF2F41850B87A0062DCE3 /* 1 (3).png */,
				621CF2F51850B87A0062DCE3 /* 1 (4).png */,
				621CF2F61850B87A0062DCE3 /* 1 (5).png */,
				621CF2F71850B87A0062DCE3 /* 1 (6).png */,
				621CF2F81850B87A0062DCE3 /* 1(0).png */,
				621CF2F91850B87A0062DCE3 /* 1.png */,
				621CF2FA1850B87A0062DCE3 /* background@2x.jpg */,
				621CF2FB1850B87A0062DCE3 /* help.png */,
				621CF2FC1850B87A0062DCE3 /* main_ace@2x.png */,
				621CF2FD1850B87A0062DCE3 /* main_ace_HL@2x.png */,
				621CF2FE1850B87A0062DCE3 /* main_example.jpg */,
				621CF2FF1850B87A0062DCE3 /* main_example1.jpg */,
				621CF3001850B87A0062DCE3 /* main_example2.jpg */,
				621CF3011850B87A0062DCE3 /* main_hawx@2x.png */,
				621CF3021850B87A0062DCE3 /* main_hawx_HL@2x.png */,
				621CF3031850B87A0062DCE3 /* main_nfs@2x.png */,
				621CF3041850B87A0062DCE3 /* main_nfs_HL@2x.png */,
			);
			name = main;
			path = "界面";
			sourceTree = "<group>";
		};
		621CF35C1850B88F0062DCE3 /* headers */ = {
			isa = PBXGroup;
			children = (
				62692D0618686A73003685D5 /* HawxViewController.h */,
				622BCE0C1867DE57001C4025 /* AceViewController.h */,
				621CFD8618594A2A008971E0 /* NetWork.h */,
				621EAB4218535E76004CB370 /* TouchRecord.h */,
				621CF02E1851A9DF006F5E2F /* NfsViewController.h */,
				621CF2A41850B8640062DCE3 /* MainViewController.h */,
				621CF2841850B78D0062DCE3 /* AppDelegate.h */,
			);
			name = headers;
			sourceTree = "<group>";
		};
		621CF35D1850B8970062DCE3 /* nibFiles */ = {
			isa = PBXGroup;
			children = (
				62692D0818686A73003685D5 /* HawxViewController.xib */,
				622BCE0E1867DE57001C4025 /* AceViewController.xib */,
				621CF0301851A9DF006F5E2F /* NfsViewController.xib */,
				621CF2A61850B8640062DCE3 /* MainViewController.xib */,
			);
			name = nibFiles;
			sourceTree = "<group>";
		};
		621DE3BD185D5CC2005A2862 /* 极品飞车ios */ = {
			isa = PBXGroup;
			children = (
				621DE3BE185D5CC2005A2862 /* nfs_accelerate_HL@2x.png */,
				621DE3BF185D5CC2005A2862 /* nfs_shiftdown@2x.png */,
				621DE3C0185D5CC2005A2862 /* nfs_shiftup_HL@2x.png */,
				621DE3C1185D5CC2005A2862 /* nfs_shiftup@2x.png */,
				621DE3C2185D5CC2005A2862 /* nfs_accelerate@2x.png */,
				621DE3C3185D5CC2005A2862 /* nfs_n2_HL@2x.png */,
				621DE3C4185D5CC2005A2862 /* nfs_n2@2x.png */,
				621DE3C5185D5CC2005A2862 /* nfs_handbreak_HL@2x.png */,
				621DE3C6185D5CC2005A2862 /* nfs_handbreak@2x.png */,
				621DE3C7185D5CC2005A2862 /* nfs_break_HL@2x.png */,
				621DE3C8185D5CC2005A2862 /* nfs_break@2x.png */,
				621DE3C9185D5CC2005A2862 /* nfs_shiftdown_HL@2x.png */,
				621DE3CA185D5CC2005A2862 /* nfs_background@2x.png */,
				621DE3CB185D5CC2005A2862 /* 控制器白.png */,
				621DE3DA185D66E3005A2862 /* click.wav */,
				621F48921866D6C100814C55 /* click.mp3 */,
			);
			path = "极品飞车ios";
			sourceTree = "<group>";
		};
		622BCDE11867DD53001C4025 /* 皇牌空战ios */ = {
			isa = PBXGroup;
			children = (
				622BCDE21867DD53001C4025 /* ace_thrust_HL@2x.png */,
				622BCDE31867DD53001C4025 /* ace_cannon@2x.png */,
				622BCDE41867DD53001C4025 /* ace_lockon_HL@2x.png */,
				622BCDE51867DD53001C4025 /* ace_lockon@2x.png */,
				622BCDE61867DD53001C4025 /* ace_change_HL@2x.png */,
				622BCDE71867DD53001C4025 /* ace_change@2x.png */,
				622BCDE81867DD53001C4025 /* ace_weapon_HL@2x.png */,
				622BCDE91867DD53001C4025 /* ace_weapon@2x.png */,
				622BCDEA1867DD53001C4025 /* ace_target_HL@2x.png */,
				622BCDEB1867DD53001C4025 /* ace_target@2x.png */,
				622BCDEC1867DD53001C4025 /* ace_thrust@2x.png */,
				622BCDED1867DD53001C4025 /* ace_brakes_HL@2x.png */,
				622BCDEE1867DD53001C4025 /* ace_brakes@2x.png */,
				622BCDEF1867DD53001C4025 /* ace_yawright_HL@2x.png */,
				622BCDF01867DD53001C4025 /* ace_yawright@2x.png */,
				622BCDF11867DD53001C4025 /* ace_yawleft_HL@2x.png */,
				622BCDF21867DD53001C4025 /* ace_yawleft@2x.png */,
				622BCDF31867DD53001C4025 /* ace_cannon_HL@2x.png */,
				622BCDF41867DD53001C4025 /* ace_title@2x.png */,
				622BCDF51867DD53001C4025 /* ace_background@2x.png */,
				622BCDF61867DD53001C4025 /* ace_example@2x.png */,
			);
			path = "皇牌空战ios";
			sourceTree = "<group>";
		};
		62692CDB186865A9003685D5 /* 鹰击长空ios */ = {
			isa = PBXGroup;
			children = (
				62692CDC186865A9003685D5 /* hawx_thrust_HL@2x.png */,
				62692CDD186865A9003685D5 /* hawx_cannon@2x.png */,
				62692CDE186865A9003685D5 /* hawx_target_HL@2x.png */,
				62692CDF186865A9003685D5 /* hawx_target@2x.png */,
				62692CE0186865A9003685D5 /* hawx_flares_HL@2x.png */,
				62692CE1186865A9003685D5 /* hawx_flares@2x.png */,
				62692CE2186865A9003685D5 /* hawx_weapon_HL@2x.png */,
				62692CE3186865A9003685D5 /* hawx_weapon@2x.png */,
				62692CE4186865A9003685D5 /* hawx_thrust@2x.png */,
				62692CE5186865A9003685D5 /* hawx_brakes_HL@2x.png */,
				62692CE6186865A9003685D5 /* hawx_brakes@2x.png */,
				62692CE7186865A9003685D5 /* hawx_yawright_HL@2x.png */,
				62692CE8186865A9003685D5 /* hawx_yawright@2x.png */,
				62692CE9186865A9003685D5 /* hawx_yawleft_HL@2x.png */,
				62692CEA186865A9003685D5 /* hawx_yawleft@2x.png */,
				62692CEB186865A9003685D5 /* hawx_cannon_HL@2x.png */,
				62692CEC186865A9003685D5 /* hawx_background@2x.png */,
				62692CED186865A9003685D5 /* hawx_title@2x.png */,
				62692CEE186865A9003685D5 /* 鹰击长空效果图 拷贝.mkm */,
				62692CEF186865A9003685D5 /* hawx_example.png */,
				62692CF0186865A9003685D5 /* hawx_example1.png */,
			);
			path = "鹰击长空ios";
			sourceTree = "<group>";
		};
		62D1263C18B888A5004EA330 /* icon */ = {
			isa = PBXGroup;
			children = (
				62D1263D18B888A5004EA330 /* 120px.png */,
				62D1263E18B888A5004EA330 /* 29px.png */,
				62D1263F18B888A5004EA330 /* 40px.png */,
				62D1264018B888A5004EA330 /* 58px.png */,
				62D1264118B888A5004EA330 /* 60px.png */,
				62D1264218B888A5004EA330 /* 80px.png */,
				62D1264318B888A5004EA330 /* android */,
				62D1264918B888A5004EA330 /* Icon.png */,
				62D1264A18B888A5004EA330 /* Icon@2x.png */,
				62D1264B18B888A5004EA330 /* wp 灰白色边框.png */,
			);
			path = icon;
			sourceTree = "<group>";
		};
		62D1264318B888A5004EA330 /* android */ = {
			isa = PBXGroup;
			children = (
				62D1264418B888A5004EA330 /* 128px.png */,
				62D1264518B888A5004EA330 /* 144px.png */,
				62D1264618B888A5004EA330 /* 48px.png */,
				62D1264718B888A5004EA330 /* 72px.png */,
				62D1264818B888A5004EA330 /* 96px.png */,
			);
			path = android;
			sourceTree = "<group>";
		};
		62D1265A18B888AC004EA330 /* 启动页面 */ = {
			isa = PBXGroup;
			children = (
				62D1266118B88A28004EA330 /* Default-568h@2x.png */,
				62D1265C18B888AC004EA330 /* logo2.png */,
				62D1265D18B888AC004EA330 /* 背景.png */,
			);
			path = "启动页面";
			sourceTree = "<group>";
		};
/* End PBXGroup section */

/* Begin PBXNativeTarget section */
		621CF2711850B78D0062DCE3 /* GamePad4US */ = {
			isa = PBXNativeTarget;
			buildConfigurationList = 621CF29E1850B78D0062DCE3 /* Build configuration list for PBXNativeTarget "GamePad4US" */;
			buildPhases = (
				621CF26E1850B78D0062DCE3 /* Sources */,
				621CF26F1850B78D0062DCE3 /* Frameworks */,
				621CF2701850B78D0062DCE3 /* Resources */,
			);
			buildRules = (
			);
			dependencies = (
			);
			name = GamePad4US;
			productName = GamePad4US;
			productReference = 621CF2721850B78D0062DCE3 /* GamePad4US.app */;
			productType = "com.apple.product-type.application";
		};
/* End PBXNativeTarget section */

/* Begin PBXProject section */
		621CF26A1850B78D0062DCE3 /* Project object */ = {
			isa = PBXProject;
			attributes = {
				LastUpgradeCheck = 0500;
				ORGANIZATIONNAME = "朱 俊健";
				TargetAttributes = {
					621CF2711850B78D0062DCE3 = {
						SystemCapabilities = {
							com.apple.BackgroundModes = {
								enabled = 0;
							};
							com.apple.iOS = {
								enabled = 0;
							};
						};
					};
				};
			};
			buildConfigurationList = 621CF26D1850B78D0062DCE3 /* Build configuration list for PBXProject "GamePad4US" */;
			compatibilityVersion = "Xcode 3.2";
			developmentRegion = English;
			hasScannedForEncodings = 0;
			knownRegions = (
				en,
			);
			mainGroup = 621CF2691850B78D0062DCE3;
			productRefGroup = 621CF2731850B78D0062DCE3 /* Products */;
			projectDirPath = "";
			projectRoot = "";
			targets = (
				621CF2711850B78D0062DCE3 /* GamePad4US */,
			);
		};
/* End PBXProject section */

/* Begin PBXResourcesBuildPhase section */
		621CF2701850B78D0062DCE3 /* Resources */ = {
			isa = PBXResourcesBuildPhase;
			buildActionMask = 2147483647;
			files = (
				622BCDF71867DD53001C4025 /* ace_thrust_HL@2x.png in Resources */,
				62D1265818B888A5004EA330 /* Icon@2x.png in Resources */,
				622BCDFF1867DD53001C4025 /* ace_target_HL@2x.png in Resources */,
				621CF3411850B87A0062DCE3 /* 1 (10).png in Resources */,
				62692CF8186865A9003685D5 /* hawx_weapon@2x.png in Resources */,
				622BCDF81867DD53001C4025 /* ace_cannon@2x.png in Resources */,
				62D1266218B88A28004EA330 /* Default-568h@2x.png in Resources */,
				621CF3571850B87A0062DCE3 /* main_example2.jpg in Resources */,
				622BCE091867DD53001C4025 /* ace_title@2x.png in Resources */,
				62692CFD186865A9003685D5 /* hawx_yawright@2x.png in Resources */,
				621CF34D1850B87A0062DCE3 /* 1 (5).png in Resources */,
				62D1265018B888A5004EA330 /* 60px.png in Resources */,
				621DE3CF185D5CC2005A2862 /* nfs_shiftup@2x.png in Resources */,
				621CF3451850B87A0062DCE3 /* 1 (14).png in Resources */,
				621DE3DB185D66E3005A2862 /* click.wav in Resources */,
				62692D0A18686A73003685D5 /* HawxViewController.xib in Resources */,
				62692CFA186865A9003685D5 /* hawx_brakes_HL@2x.png in Resources */,
				621DE3D0185D5CC2005A2862 /* nfs_accelerate@2x.png in Resources */,
				622BCE021867DD53001C4025 /* ace_brakes_HL@2x.png in Resources */,
				621CF34F1850B87A0062DCE3 /* 1(0).png in Resources */,
				622BCE011867DD53001C4025 /* ace_thrust@2x.png in Resources */,
				622BCDF91867DD53001C4025 /* ace_lockon_HL@2x.png in Resources */,
				621CF3531850B87A0062DCE3 /* main_ace@2x.png in Resources */,
				621CF3471850B87A0062DCE3 /* 1 (16).png in Resources */,
				622BCDFB1867DD53001C4025 /* ace_change_HL@2x.png in Resources */,
				622BCDFE1867DD53001C4025 /* ace_weapon@2x.png in Resources */,
				621CF3491850B87A0062DCE3 /* 1 (18).png in Resources */,
				621DE3D8185D5CC2005A2862 /* nfs_background@2x.png in Resources */,
				622BCDFC1867DD53001C4025 /* ace_change@2x.png in Resources */,
				62692CF2186865A9003685D5 /* hawx_cannon@2x.png in Resources */,
				62692D01186865A9003685D5 /* hawx_background@2x.png in Resources */,
				621CF34E1850B87A0062DCE3 /* 1 (6).png in Resources */,
				62692CFF186865A9003685D5 /* hawx_yawleft@2x.png in Resources */,
				621DE3D4185D5CC2005A2862 /* nfs_handbreak@2x.png in Resources */,
				622BCE001867DD53001C4025 /* ace_target@2x.png in Resources */,
				621CF2801850B78D0062DCE3 /* InfoPlist.strings in Resources */,
				621CF3541850B87A0062DCE3 /* main_ace_HL@2x.png in Resources */,
				622BCDFA1867DD53001C4025 /* ace_lockon@2x.png in Resources */,
				622BCE081867DD53001C4025 /* ace_cannon_HL@2x.png in Resources */,
				62692D02186865A9003685D5 /* hawx_title@2x.png in Resources */,
				622BCE031867DD53001C4025 /* ace_brakes@2x.png in Resources */,
				621CF2A81850B8640062DCE3 /* MainViewController.xib in Resources */,
				621CF3441850B87A0062DCE3 /* 1 (13).png in Resources */,
				621CF3581850B87A0062DCE3 /* main_hawx@2x.png in Resources */,
				621DE3D3185D5CC2005A2862 /* nfs_handbreak_HL@2x.png in Resources */,
				62D1265518B888A5004EA330 /* 72px.png in Resources */,
				621DE3D5185D5CC2005A2862 /* nfs_break_HL@2x.png in Resources */,
				621DE3D2185D5CC2005A2862 /* nfs_n2@2x.png in Resources */,
				62D1265218B888A5004EA330 /* 128px.png in Resources */,
				621F48931866D6C100814C55 /* click.mp3 in Resources */,
				62D1265418B888A5004EA330 /* 48px.png in Resources */,
				62D1264D18B888A5004EA330 /* 29px.png in Resources */,
				621CF34A1850B87A0062DCE3 /* 1 (2).png in Resources */,
				621DE3D9185D5CC2005A2862 /* 控制器白.png in Resources */,
				621CF3431850B87A0062DCE3 /* 1 (12).png in Resources */,
				62D1265118B888A5004EA330 /* 80px.png in Resources */,
				62692D05186865A9003685D5 /* hawx_example1.png in Resources */,
				621CF3561850B87A0062DCE3 /* main_example1.jpg in Resources */,
				62D1265718B888A5004EA330 /* Icon.png in Resources */,
				622BCE071867DD53001C4025 /* ace_yawleft@2x.png in Resources */,
				621CF3591850B87A0062DCE3 /* main_hawx_HL@2x.png in Resources */,
				62D1265F18B888AC004EA330 /* logo2.png in Resources */,
				621CF0321851A9DF006F5E2F /* NfsViewController.xib in Resources */,
				621CF3421850B87A0062DCE3 /* 1 (11).png in Resources */,
				62692CFE186865A9003685D5 /* hawx_yawleft_HL@2x.png in Resources */,
				62692CF5186865A9003685D5 /* hawx_flares_HL@2x.png in Resources */,
				622BCE101867DE57001C4025 /* AceViewController.xib in Resources */,
				621DE3CD185D5CC2005A2862 /* nfs_shiftdown@2x.png in Resources */,
				62D1264E18B888A5004EA330 /* 40px.png in Resources */,
				62D1265918B888A5004EA330 /* wp 灰白色边框.png in Resources */,
				621DE3D1185D5CC2005A2862 /* nfs_n2_HL@2x.png in Resources */,
				621CF34B1850B87A0062DCE3 /* 1 (3).png in Resources */,
				622BCE061867DD53001C4025 /* ace_yawleft_HL@2x.png in Resources */,
				62692D03186865A9003685D5 /* 鹰击长空效果图 拷贝.mkm in Resources */,
				62692CFC186865A9003685D5 /* hawx_yawright_HL@2x.png in Resources */,
				62D1264C18B888A5004EA330 /* 120px.png in Resources */,
				622BCE051867DD53001C4025 /* ace_yawright@2x.png in Resources */,
				62D1264F18B888A5004EA330 /* 58px.png in Resources */,
				621DE3D6185D5CC2005A2862 /* nfs_break@2x.png in Resources */,
				62692CF6186865A9003685D5 /* hawx_flares@2x.png in Resources */,
				621DE3D7185D5CC2005A2862 /* nfs_shiftdown_HL@2x.png in Resources */,
				621DE3CC185D5CC2005A2862 /* nfs_accelerate_HL@2x.png in Resources */,
				622BCDFD1867DD53001C4025 /* ace_weapon_HL@2x.png in Resources */,
				622BCE041867DD53001C4025 /* ace_yawright_HL@2x.png in Resources */,
				622BCE0B1867DD53001C4025 /* ace_example@2x.png in Resources */,
				62D1265318B888A5004EA330 /* 144px.png in Resources */,
				62692CF3186865A9003685D5 /* hawx_target_HL@2x.png in Resources */,
				62692D00186865A9003685D5 /* hawx_cannon_HL@2x.png in Resources */,
				62D1266018B888AC004EA330 /* 背景.png in Resources */,
				621CF3521850B87A0062DCE3 /* help.png in Resources */,
				62692CF7186865A9003685D5 /* hawx_weapon_HL@2x.png in Resources */,
				621CF34C1850B87A0062DCE3 /* 1 (4).png in Resources */,
				621CF3481850B87A0062DCE3 /* 1 (17).png in Resources */,
				62692CFB186865A9003685D5 /* hawx_brakes@2x.png in Resources */,
				621CF3511850B87A0062DCE3 /* background@2x.jpg in Resources */,
				621CF3551850B87A0062DCE3 /* main_example.jpg in Resources */,
				62692CF1186865A9003685D5 /* hawx_thrust_HL@2x.png in Resources */,
				621DE3CE185D5CC2005A2862 /* nfs_shiftup_HL@2x.png in Resources */,
				621CF35A1850B87A0062DCE3 /* main_nfs@2x.png in Resources */,
				621CF3501850B87A0062DCE3 /* 1.png in Resources */,
				622BCE0A1867DD53001C4025 /* ace_background@2x.png in Resources */,
				621CF2881850B78D0062DCE3 /* Images.xcassets in Resources */,
				62D1265618B888A5004EA330 /* 96px.png in Resources */,
				621CF3461850B87A0062DCE3 /* 1 (15).png in Resources */,
				62692D04186865A9003685D5 /* hawx_example.png in Resources */,
				62692CF9186865A9003685D5 /* hawx_thrust@2x.png in Resources */,
				621CF35B1850B87A0062DCE3 /* main_nfs_HL@2x.png in Resources */,
				62692CF4186865A9003685D5 /* hawx_target@2x.png in Resources */,
			);
			runOnlyForDeploymentPostprocessing = 0;
		};
/* End PBXResourcesBuildPhase section */

/* Begin PBXSourcesBuildPhase section */
		621CF26E1850B78D0062DCE3 /* Sources */ = {
			isa = PBXSourcesBuildPhase;
			buildActionMask = 2147483647;
			files = (
				621CFD8818594A2A008971E0 /* NetWork.m in Sources */,
				62FF89C0185AF3C2006F2F38 /* NfsViewController.m in Sources */,
				621EAB4418535E76004CB370 /* TouchRecord.m in Sources */,
				621CF2861850B78D0062DCE3 /* AppDelegate.m in Sources */,
				62FF89C2185AF41E006F2F38 /* MainViewController.m in Sources */,
				621A29D8185768A4006D2A47 /* AsyncUdpSocket.m in Sources */,
				622BCE0F1867DE57001C4025 /* AceViewController.m in Sources */,
				621CF2821850B78D0062DCE3 /* main.m in Sources */,
				62692D0918686A73003685D5 /* HawxViewController.m in Sources */,
			);
			runOnlyForDeploymentPostprocessing = 0;
		};
/* End PBXSourcesBuildPhase section */

/* Begin PBXVariantGroup section */
		621CF27E1850B78D0062DCE3 /* InfoPlist.strings */ = {
			isa = PBXVariantGroup;
			children = (
				621CF27F1850B78D0062DCE3 /* en */,
			);
			name = InfoPlist.strings;
			sourceTree = "<group>";
		};
		621CF2971850B78D0062DCE3 /* InfoPlist.strings */ = {
			isa = PBXVariantGroup;
			children = (
				621CF2981850B78D0062DCE3 /* en */,
			);
			name = InfoPlist.strings;
			sourceTree = "<group>";
		};
/* End PBXVariantGroup section */

/* Begin XCBuildConfiguration section */
		621CF29C1850B78D0062DCE3 /* Debug */ = {
			isa = XCBuildConfiguration;
			buildSettings = {
				ALWAYS_SEARCH_USER_PATHS = NO;
				ARCHS = "$(ARCHS_STANDARD_INCLUDING_64_BIT)";
				CLANG_CXX_LANGUAGE_STANDARD = "gnu++0x";
				CLANG_CXX_LIBRARY = "libc++";
				CLANG_ENABLE_MODULES = YES;
				CLANG_ENABLE_OBJC_ARC = YES;
				CLANG_WARN_BOOL_CONVERSION = YES;
				CLANG_WARN_CONSTANT_CONVERSION = YES;
				CLANG_WARN_DIRECT_OBJC_ISA_USAGE = YES_ERROR;
				CLANG_WARN_EMPTY_BODY = YES;
				CLANG_WARN_ENUM_CONVERSION = YES;
				CLANG_WARN_INT_CONVERSION = YES;
				CLANG_WARN_OBJC_ROOT_CLASS = YES_ERROR;
				CLANG_WARN__DUPLICATE_METHOD_MATCH = YES;
				"CODE_SIGN_IDENTITY[sdk=iphoneos*]" = "iPhone Developer";
				COPY_PHASE_STRIP = NO;
				GCC_C_LANGUAGE_STANDARD = gnu99;
				GCC_DYNAMIC_NO_PIC = NO;
				GCC_OPTIMIZATION_LEVEL = 0;
				GCC_PREPROCESSOR_DEFINITIONS = (
					"DEBUG=1",
					"$(inherited)",
				);
				GCC_SYMBOLS_PRIVATE_EXTERN = NO;
				GCC_WARN_64_TO_32_BIT_CONVERSION = YES;
				GCC_WARN_ABOUT_RETURN_TYPE = YES_ERROR;
				GCC_WARN_UNDECLARED_SELECTOR = YES;
				GCC_WARN_UNINITIALIZED_AUTOS = YES;
				GCC_WARN_UNUSED_FUNCTION = YES;
				GCC_WARN_UNUSED_VARIABLE = YES;
				IPHONEOS_DEPLOYMENT_TARGET = 7.0;
				ONLY_ACTIVE_ARCH = YES;
				SDKROOT = iphoneos;
			};
			name = Debug;
		};
		621CF29D1850B78D0062DCE3 /* Release */ = {
			isa = XCBuildConfiguration;
			buildSettings = {
				ALWAYS_SEARCH_USER_PATHS = NO;
				ARCHS = "$(ARCHS_STANDARD_INCLUDING_64_BIT)";
				CLANG_CXX_LANGUAGE_STANDARD = "gnu++0x";
				CLANG_CXX_LIBRARY = "libc++";
				CLANG_ENABLE_MODULES = YES;
				CLANG_ENABLE_OBJC_ARC = YES;
				CLANG_WARN_BOOL_CONVERSION = YES;
				CLANG_WARN_CONSTANT_CONVERSION = YES;
				CLANG_WARN_DIRECT_OBJC_ISA_USAGE = YES_ERROR;
				CLANG_WARN_EMPTY_BODY = YES;
				CLANG_WARN_ENUM_CONVERSION = YES;
				CLANG_WARN_INT_CONVERSION = YES;
				CLANG_WARN_OBJC_ROOT_CLASS = YES_ERROR;
				CLANG_WARN__DUPLICATE_METHOD_MATCH = YES;
				"CODE_SIGN_IDENTITY[sdk=iphoneos*]" = "iPhone Developer";
				COPY_PHASE_STRIP = YES;
				ENABLE_NS_ASSERTIONS = NO;
				GCC_C_LANGUAGE_STANDARD = gnu99;
				GCC_WARN_64_TO_32_BIT_CONVERSION = YES;
				GCC_WARN_ABOUT_RETURN_TYPE = YES_ERROR;
				GCC_WARN_UNDECLARED_SELECTOR = YES;
				GCC_WARN_UNINITIALIZED_AUTOS = YES;
				GCC_WARN_UNUSED_FUNCTION = YES;
				GCC_WARN_UNUSED_VARIABLE = YES;
				IPHONEOS_DEPLOYMENT_TARGET = 7.0;
				SDKROOT = iphoneos;
				VALIDATE_PRODUCT = YES;
			};
			name = Release;
		};
		621CF29F1850B78D0062DCE3 /* Debug */ = {
			isa = XCBuildConfiguration;
			buildSettings = {
				ASSETCATALOG_COMPILER_APPICON_NAME = AppIcon;
				ASSETCATALOG_COMPILER_LAUNCHIMAGE_NAME = LaunchImage;
				GCC_PRECOMPILE_PREFIX_HEADER = NO;
				GCC_PREFIX_HEADER = "GamePad4US/GamePad4US-Prefix.pch";
				INFOPLIST_FILE = "GamePad4US/GamePad4US-Info.plist";
				PRODUCT_NAME = "$(TARGET_NAME)";
				TARGETED_DEVICE_FAMILY = 1;
				WRAPPER_EXTENSION = app;
			};
			name = Debug;
		};
		621CF2A01850B78D0062DCE3 /* Release */ = {
			isa = XCBuildConfiguration;
			buildSettings = {
				ASSETCATALOG_COMPILER_APPICON_NAME = AppIcon;
				ASSETCATALOG_COMPILER_LAUNCHIMAGE_NAME = LaunchImage;
				GCC_PRECOMPILE_PREFIX_HEADER = NO;
				GCC_PREFIX_HEADER = "GamePad4US/GamePad4US-Prefix.pch";
				INFOPLIST_FILE = "GamePad4US/GamePad4US-Info.plist";
				PRODUCT_NAME = "$(TARGET_NAME)";
				TARGETED_DEVICE_FAMILY = 1;
				WRAPPER_EXTENSION = app;
			};
			name = Release;
		};
/* End XCBuildConfiguration section */

/* Begin XCConfigurationList section */
		621CF26D1850B78D0062DCE3 /* Build configuration list for PBXProject "GamePad4US" */ = {
			isa = XCConfigurationList;
			buildConfigurations = (
				621CF29C1850B78D0062DCE3 /* Debug */,
				621CF29D1850B78D0062DCE3 /* Release */,
			);
			defaultConfigurationIsVisible = 0;
			defaultConfigurationName = Release;
		};
		621CF29E1850B78D0062DCE3 /* Build configuration list for PBXNativeTarget "GamePad4US" */ = {
			isa = XCConfigurationList;
			buildConfigurations = (
				621CF29F1850B78D0062DCE3 /* Debug */,
				621CF2A01850B78D0062DCE3 /* Release */,
			);
			defaultConfigurationIsVisible = 0;
			defaultConfigurationName = Release;
		};
/* End XCConfigurationList section */
	};
	rootObject = 621CF26A1850B78D0062DCE3 /* Project object */;
}
